{
  "pins" : [
    {
      "identity" : "filebuilder",
      "kind" : "remoteSourceControl",
      "location" : "https://github.com/danielctull-playground/FileBuilder",
      "state" : {
        "branch" : "main",
        "revision" : "bd7f2177d42a1976ffe85462e7e36d573f57b595"
      }
    },
    {
      "identity" : "swift-argument-parser",
      "kind" : "remoteSourceControl",
      "location" : "https://github.com/apple/swift-argument-parser.git",
      "state" : {
        "revision" : "6b2aa2748a7881eebb9f84fb10c01293e15b52ca",
        "version" : "0.5.0"
      }
    }
  ],
  "version" : 2
}
